
Microsoft Visual Studio Solution File, Format Version 12.00
# Visual Studio Version 16
VisualStudioVersion = 16.0.31424.327
MinimumVisualStudioVersion = 10.0.40219.1
Project("{FAE04EC0-301F-11D3-BF4B-00C04F79EFBC}") = "ObjectMappingHelper", "ObjectMappingHelper.csproj", "{6B897EBB-178D-4DC4-80A1-95253309A3FB}"
EndProject
Global
	GlobalSection(SolutionConfigurationPlatforms) = preSolution
		Debug|Any CPU = Debug|Any CPU
		Release|Any CPU = Release|Any CPU
	EndGlobalSection
	GlobalSection(ProjectConfigurationPlatforms) = postSolution
		{6B897EBB-178D-4DC4-80A1-95253309A3FB}.Debug|Any CPU.ActiveCfg = Debug|Any CPU
		{6B897EBB-178D-4DC4-80A1-95253309A3FB}.Debug|Any CPU.Build.0 = Debug|Any CPU
		{6B897EBB-178D-4DC4-80A1-95253309A3FB}.Release|Any CPU.ActiveCfg = Release|Any CPU
		{6B897EBB-178D-4DC4-80A1-95253309A3FB}.Release|Any CPU.Build.0 = Release|Any CPU
	EndGlobalSection
	GlobalSection(SolutionProperties) = preSolution
		HideSolutionNode = FALSE
	EndGlobalSection
	GlobalSection(ExtensibilityGlobals) = postSolution
		SolutionGuid = {752A3772-8102-4DFE-80B2-B9DD87B3AA64}
	EndGlobalSection
EndGlobal
